PODS:
  - Alamofire (4.8.2)
  - Kingfisher (5.4.0)
  - MGArchitecture (0.3.2):
    - OrderedSet (~> 3.0)
    - RxCocoa (~> 4.3)
    - RxSwift (~> 4.3)
  - ObjectMapper (3.4.2)
  - OrderedSet (3.1.0)
  - Realm (3.15.0):
    - Realm/Headers (= 3.15.0)
  - Realm/Headers (3.15.0)
  - RealmSwift (3.15.0):
    - Realm (= 3.15.0)
  - Reusable (4.1.0):
    - Reusable/Storyboard (= 4.1.0)
    - Reusable/View (= 4.1.0)
  - Reusable/Storyboard (4.1.0)
  - Reusable/View (4.1.0)
  - RxBlocking (4.5.0):
    - RxSwift (>= 4.4.2, ~> 4.4)
  - RxCocoa (4.5.0):
    - RxSwift (>= 4.4.2, ~> 4.4)
  - RxSwift (4.5.0)
  - SVProgressHUD (2.2.5)
  - SwiftLint (0.32.0)
  - Then (2.4.0)

DEPENDENCIES:
  - Alamofire
  - Kingfisher
  - MGArchitecture (~> 0.3.0)
  - ObjectMapper
  - RealmSwift
  - Reusable
  - RxBlocking
  - RxCocoa (~> 4.5.0)
  - RxSwift (~> 4.5.0)
  - SVProgressHUD
  - SwiftLint
  - Then

SPEC REPOS:
  https://github.com/cocoapods/specs.git:
    - Alamofire
    - Kingfisher
    - MGArchitecture
    - ObjectMapper
    - OrderedSet
    - Realm
    - RealmSwift
    - Reusable
    - RxBlocking
    - RxCocoa
    - RxSwift
    - SVProgressHUD
    - SwiftLint
    - Then

SPEC CHECKSUMS:
  Alamofire: ae5c501addb7afdbb13687d7f2f722c78734c2d3
  Kingfisher: 9c8f2cc6710334e06f32ba2b45e77707d5e2f0c9
  MGArchitecture: 035b438e272d7e2bce82e0a19dc409499c1f868d
  ObjectMapper: 0d4402610f4e468903ae64629eec4784531e5c51
  OrderedSet: 489d84c7469d5aa7658c78f66259c87d878a2dfb
  Realm: 9b834e1be6062f544805252c812348872dc5d4ed
  RealmSwift: 8a41886f8ab6efef9eb8df97de2f2bb911561a79
  Reusable: 82be188f29d96dc5eff0db7b2393bcc08d2cdd5b
  RxBlocking: 79413e4d916f44bb3e113c5b2cc059e36fe58910
  RxCocoa: cbf70265dc65a981d4ac982e513c10cf23df24a0
  RxSwift: f172070dfd1a93d70a9ab97a5a01166206e1c575
  SVProgressHUD: 1428aafac632c1f86f62aa4243ec12008d7a51d6
  SwiftLint: 009a898ef2a1c851f45e1b59349bf6ff2ddc990d
  Then: 71866660c7af35a7343831f7668e7cd2b62ee0f2

PODFILE CHECKSUM: 719e467ae307f76989ac12fd626f93506e045d15

COCOAPODS: 1.6.1
